# THIS IS AN AUTOGENERATED FILE. DO NOT EDIT THIS FILE DIRECTLY.
# yarn lockfile v1


allkey@^0.4.0:
  version "0.4.0"
  resolved "https://registry.yarnpkg.com/allkey/-/allkey-0.4.0.tgz#f17dc6447ff07675e2ae5df4133a08685b24e4dd"
  dependencies:
    babel-runtime "^6.23.0"
    doubt "^0.30.0"
    kein "^0.28.0"
    portel "^0.4.0"
    raze "^0.33.0"

annon@^0.9.0:
  version "0.9.0"
  resolved "https://registry.yarnpkg.com/annon/-/annon-0.9.0.tgz#9a7712a5f3b5c315b140cf5daecb1adaaf308f72"
  dependencies:
    babel-runtime "^6.23.0"
    falzy "^0.20.0"
    fnamed "^0.11.0"
    protype "^0.22.0"

anykey@^0.4.0:
  version "0.4.0"
  resolved "https://registry.yarnpkg.com/anykey/-/anykey-0.4.0.tgz#4dcd995b1cfe552fed133ea347ac403c4823b234"
  dependencies:
    babel-runtime "^6.23.0"
    doubt "^0.30.0"
    kein "^0.28.0"
    portel "^0.4.0"
    raze "^0.33.0"

asea@^0.14.0:
  version "0.14.0"
  resolved "https://registry.yarnpkg.com/asea/-/asea-0.14.0.tgz#8e1711e64b2a77242a165cc6d24905f9d6e2b0ca"
  dependencies:
    babel-runtime "^6.23.0"
    harden "^0.22.0"

asea@^0.16.0:
  version "0.16.0"
  resolved "https://registry.yarnpkg.com/asea/-/asea-0.16.0.tgz#f4360f825d03eb96c606f3b863df722f6399a2f0"
  dependencies:
    babel-runtime "^6.23.0"
    harden "^0.23.0"

asyum@^0.8.0:
  version "0.8.0"
  resolved "https://registry.yarnpkg.com/asyum/-/asyum-0.8.0.tgz#febc87b1132c7b77061516620c670fa090e3f45d"
  dependencies:
    annon "^0.9.0"
    babel-runtime "^6.23.0"
    doubt "^0.30.0"
    fname "^0.11.0"
    protype "^0.22.0"
    wichevr "^0.13.0"

babel-runtime@^6.23.0, babel-runtime@^6.25.0:
  version "6.25.0"
  resolved "https://registry.yarnpkg.com/babel-runtime/-/babel-runtime-6.25.0.tgz#33b98eaa5d482bb01a8d1aa6b437ad2b01aec41c"
  dependencies:
    core-js "^2.4.0"
    regenerator-runtime "^0.10.0"

blon@^0.4.0:
  version "0.4.0"
  resolved "https://registry.yarnpkg.com/blon/-/blon-0.4.0.tgz#568cbf3c10d579bf09dcffc0b785185d5c8d9e07"
  dependencies:
    babel-runtime "^6.25.0"
    ehm "^0.21.0"
    harden "^0.23.0"

bse@^0.0.0:
  version "0.0.0"
  resolved "https://registry.yarnpkg.com/bse/-/bse-0.0.0.tgz#46ade22706da25a2c0afd2de8fe8d5797642a035"
  dependencies:
    babel-runtime "^6.25.0"
    falzy "^0.23.0"

cemento@^0.16.0:
  version "0.16.0"
  resolved "https://registry.yarnpkg.com/cemento/-/cemento-0.16.0.tgz#f01b603b50437b182fba2478c7882d13019e3638"
  dependencies:
    babel-runtime "^6.23.0"
    harden "^0.22.0"
    kount "^0.11.0"

cemento@^0.17.0:
  version "0.17.0"
  resolved "https://registry.yarnpkg.com/cemento/-/cemento-0.17.0.tgz#1518e17497e3cf1c46e4c13d1a25a3fc08768691"
  dependencies:
    babel-runtime "^6.23.0"
    harden "^0.23.0"
    kount "^0.12.0"

circular-json@^0.3.1:
  version "0.3.3"
  resolved "https://registry.yarnpkg.com/circular-json/-/circular-json-0.3.3.tgz#815c99ea84f6809529d2f45791bdf82711352d66"

cnfgrble@^0.7.0:
  version "0.7.0"
  resolved "https://registry.yarnpkg.com/cnfgrble/-/cnfgrble-0.7.0.tgz#c82ca9e3f20810659522639c0ab8d4c0cad9d146"
  dependencies:
    asyum "^0.8.0"
    babel-runtime "^6.23.0"
    dscrb "^0.6.0"
    zelf "^0.12.0"

coprop@^0.7.0:
  version "0.7.0"
  resolved "https://registry.yarnpkg.com/coprop/-/coprop-0.7.0.tgz#7f2bb8f49135f989248fdd94c5d532b31753a05a"
  dependencies:
    asyum "^0.8.0"
    babel-runtime "^6.23.0"
    cnfgrble "^0.7.0"
    defyn "^0.7.0"
    dscrb "^0.6.0"
    falzy "^0.20.0"
    kein "^0.28.0"
    protype "^0.22.0"
    wrtble "^0.7.0"

core-js@^2.4.0:
  version "2.5.0"
  resolved "https://registry.yarnpkg.com/core-js/-/core-js-2.5.0.tgz#569c050918be6486b3837552028ae0466b717086"

defyn@^0.7.0:
  version "0.7.0"
  resolved "https://registry.yarnpkg.com/defyn/-/defyn-0.7.0.tgz#ff1172997c2edda80799254f3c170ca4cd338590"
  dependencies:
    allkey "^0.4.0"
    anykey "^0.4.0"
    asyum "^0.8.0"
    babel-runtime "^6.23.0"
    dscrb "^0.6.0"
    falzy "^0.20.0"
    harden "^0.22.0"
    kein "^0.28.0"
    protype "^0.22.0"
    truly "^0.19.0"
    wichevr "^0.13.0"
    zelf "^0.12.0"

doubt@^0.30.0:
  version "0.30.0"
  resolved "https://registry.yarnpkg.com/doubt/-/doubt-0.30.0.tgz#4f959e2b7f3beb1a25265a5b2f53bbb3ec15413a"
  dependencies:
    babel-runtime "^6.23.0"
    cemento "^0.16.0"
    circular-json "^0.3.1"
    falzy "^0.20.0"
    harden "^0.22.0"
    khount "^0.1.0"
    protype "^0.22.0"
    truly "^0.19.0"

dscrb@^0.6.0:
  version "0.6.0"
  resolved "https://registry.yarnpkg.com/dscrb/-/dscrb-0.6.0.tgz#35087b55999678356e13c4b5b6857884992e6d2c"
  dependencies:
    allkey "^0.4.0"
    anykey "^0.4.0"
    babel-runtime "^6.23.0"
    falzy "^0.20.0"
    harden "^0.22.0"
    kein "^0.28.0"
    protype "^0.22.0"
    wichevr "^0.13.0"
    zelf "^0.12.0"

ehm@^0.21.0:
  version "0.21.0"
  resolved "https://registry.yarnpkg.com/ehm/-/ehm-0.21.0.tgz#2c7dd0d55355a48fe9f4a7327915bed00d19e781"
  dependencies:
    babel-runtime "^6.25.0"
    harden "^0.23.0"
    sxty4 "^0.11.0"

falzy@^0.20.0:
  version "0.20.0"
  resolved "https://registry.yarnpkg.com/falzy/-/falzy-0.20.0.tgz#3835232fb4c16702cfefd240e671381a13111de8"
  dependencies:
    babel-runtime "^6.23.0"

falzy@^0.23.0:
  version "0.23.0"
  resolved "https://registry.yarnpkg.com/falzy/-/falzy-0.23.0.tgz#fec52a7df6e80adaf47bb89d47ca5a714566b664"
  dependencies:
    babel-runtime "^6.23.0"

fname@^0.11.0:
  version "0.11.0"
  resolved "https://registry.yarnpkg.com/fname/-/fname-0.11.0.tgz#84a04a487758ed071508665a7b9ac2f06c9664dd"
  dependencies:
    babel-runtime "^6.23.0"
    falzy "^0.20.0"
    mtch "^0.4.0"
    nmde "^0.2.0"
    protype "^0.22.0"

fname@^0.13.0:
  version "0.13.0"
  resolved "https://registry.yarnpkg.com/fname/-/fname-0.13.0.tgz#48ac7cdf3e2f3141d42947161dd517ccf7af56db"
  dependencies:
    babel-runtime "^6.23.0"
    falzy "^0.23.0"
    mtch "^0.6.0"
    nmde "^0.5.0"

fnamed@^0.11.0:
  version "0.11.0"
  resolved "https://registry.yarnpkg.com/fnamed/-/fnamed-0.11.0.tgz#cadc23026962b385355218d99ab83309cf851748"
  dependencies:
    babel-runtime "^6.23.0"
    falzy "^0.20.0"
    fname "^0.11.0"
    protype "^0.22.0"
    truly "^0.19.0"

fnamed@^0.14.0:
  version "0.14.0"
  resolved "https://registry.yarnpkg.com/fnamed/-/fnamed-0.14.0.tgz#dec9d75a97b406c74a128a6a2642a213422f934b"
  dependencies:
    babel-runtime "^6.25.0"
    falzy "^0.23.0"
    fname "^0.13.0"
    protype "^0.24.0"
    truly "^0.20.0"

fno@^0.5.0:
  version "0.5.0"
  resolved "https://registry.yarnpkg.com/fno/-/fno-0.5.0.tgz#ed9796cbd6c5fde06e353efc457b37402755b971"
  dependencies:
    babel-runtime "^6.25.0"
    ehm "^0.21.0"
    harden "^0.23.0"

glyo@^0.6.0:
  version "0.6.0"
  resolved "https://registry.yarnpkg.com/glyo/-/glyo-0.6.0.tgz#dd3276167805847e0db4bbb3bd4ab028f3cdce18"
  dependencies:
    babel-runtime "^6.25.0"
    ehm "^0.21.0"
    harden "^0.23.0"

harden@^0.22.0:
  version "0.22.0"
  resolved "https://registry.yarnpkg.com/harden/-/harden-0.22.0.tgz#1bcd6cdfd8ce60726009053981b9b37875a2404b"
  dependencies:
    babel-runtime "^6.23.0"

harden@^0.23.0:
  version "0.23.0"
  resolved "https://registry.yarnpkg.com/harden/-/harden-0.23.0.tgz#cfe6aaa2f30ad4b27d87fb3fe4a4090fca880b33"
  dependencies:
    babel-runtime "^6.23.0"

kein@^0.28.0:
  version "0.28.0"
  resolved "https://registry.yarnpkg.com/kein/-/kein-0.28.0.tgz#476baa71033f866979cd39f4523bab42469af537"
  dependencies:
    babel-runtime "^6.23.0"
    falzy "^0.20.0"
    fnamed "^0.11.0"
    portel "^0.4.0"
    protype "^0.22.0"
    zelf "^0.12.0"

kein@^0.30.0:
  version "0.30.0"
  resolved "https://registry.yarnpkg.com/kein/-/kein-0.30.0.tgz#4836193d902167fd9c6ee6572b12c36f550cc00b"
  dependencies:
    babel-runtime "^6.25.0"
    falzy "^0.23.0"
    fnamed "^0.14.0"
    portel "^0.6.0"
    protype "^0.24.0"
    zelf "^0.14.0"

khount@^0.1.0:
  version "0.1.0"
  resolved "https://registry.yarnpkg.com/khount/-/khount-0.1.0.tgz#c753b769d329f1f2f481cf6d12ed418edceb67b9"
  dependencies:
    babel-runtime "^6.23.0"

kount@^0.11.0:
  version "0.11.0"
  resolved "https://registry.yarnpkg.com/kount/-/kount-0.11.0.tgz#99775ed4a1b096e8ef5547f60d63e59f1d3e5b84"
  dependencies:
    babel-runtime "^6.23.0"

kount@^0.12.0:
  version "0.12.0"
  resolved "https://registry.yarnpkg.com/kount/-/kount-0.12.0.tgz#bc68c0c931b171383d846ede48e20c478af6a58d"
  dependencies:
    babel-runtime "^6.23.0"

mtch@^0.4.0:
  version "0.4.0"
  resolved "https://registry.yarnpkg.com/mtch/-/mtch-0.4.0.tgz#1dfa8da99fe235017c8cf9b3a2657867db419a6f"
  dependencies:
    babel-runtime "^6.23.0"
    falzy "^0.20.0"
    raze "^0.33.0"
    stringe "^0.4.0"
    truly "^0.19.0"
    wichevr "^0.13.0"

mtch@^0.6.0:
  version "0.6.0"
  resolved "https://registry.yarnpkg.com/mtch/-/mtch-0.6.0.tgz#3d899466fe39b4178cfe131f24836a225851833c"
  dependencies:
    babel-runtime "^6.23.0"
    falzy "^0.23.0"
    raze "^0.34.0"
    stringe "^0.5.0"
    truly "^0.20.0"

ndfo@^0.8.0:
  version "0.8.0"
  resolved "https://registry.yarnpkg.com/ndfo/-/ndfo-0.8.0.tgz#d3881610cedc8459ed51b9945e91d8e915bfbc14"
  dependencies:
    babel-runtime "^6.25.0"
    ehm "^0.21.0"
    harden "^0.23.0"

nmde@^0.2.0:
  version "0.2.0"
  resolved "https://registry.yarnpkg.com/nmde/-/nmde-0.2.0.tgz#1d75bd06bfc72adc7aca59b78aa04db99c626e9d"
  dependencies:
    babel-runtime "^6.23.0"
    falzy "^0.20.0"
    truly "^0.19.0"

nmde@^0.5.0:
  version "0.5.0"
  resolved "https://registry.yarnpkg.com/nmde/-/nmde-0.5.0.tgz#9c39debf8bc44ea3e86add443b0915d72915feae"
  dependencies:
    babel-runtime "^6.23.0"
    falzy "^0.23.0"
    truly "^0.20.0"

nol@^0.10.0:
  version "0.10.0"
  resolved "https://registry.yarnpkg.com/nol/-/nol-0.10.0.tgz#bb9b21f1843a00dde04edecf4e07e875d472633a"
  dependencies:
    babel-runtime "^6.25.0"
    ehm "^0.21.0"
    harden "^0.23.0"

numo@^0.3.0:
  version "0.3.0"
  resolved "https://registry.yarnpkg.com/numo/-/numo-0.3.0.tgz#846f4abdeac7052fe13a440431962d3ceaacd468"
  dependencies:
    babel-runtime "^6.25.0"
    ehm "^0.21.0"
    harden "^0.23.0"

objo@^0.1.0:
  version "0.1.0"
  resolved "https://registry.yarnpkg.com/objo/-/objo-0.1.0.tgz#cda8d080fc9cab4abc88953bc9f33c2713ee1671"
  dependencies:
    babel-runtime "^6.25.0"
    blon "^0.4.0"
    ehm "^0.21.0"
    fno "^0.5.0"
    glyo "^0.6.0"
    harden "^0.23.0"
    ndfo "^0.8.0"
    nol "^0.10.0"
    numo "^0.3.0"
    stro "^0.4.0"
    sxty4 "^0.11.0"

portel@^0.4.0:
  version "0.4.0"
  resolved "https://registry.yarnpkg.com/portel/-/portel-0.4.0.tgz#8b6a0296b752062970c9f2020ec75d1fd1f3df9f"
  dependencies:
    babel-runtime "^6.23.0"
    protype "^0.22.0"

portel@^0.6.0:
  version "0.6.0"
  resolved "https://registry.yarnpkg.com/portel/-/portel-0.6.0.tgz#9f25f2731330b145157d073a18c61f1f1ba1caf9"
  dependencies:
    babel-runtime "^6.25.0"
    blon "^0.4.0"
    ehm "^0.21.0"
    fno "^0.5.0"
    glyo "^0.6.0"
    harden "^0.23.0"
    ndfo "^0.8.0"
    nol "^0.10.0"
    numo "^0.3.0"
    objo "^0.1.0"
    protype "^0.24.0"
    stro "^0.4.0"

protype@^0.22.0:
  version "0.22.0"
  resolved "https://registry.yarnpkg.com/protype/-/protype-0.22.0.tgz#b4929f8394747e031f92cfd08e9ec6ec8f6b85c1"
  dependencies:
    babel-runtime "^6.23.0"
    cemento "^0.16.0"
    harden "^0.22.0"

protype@^0.24.0:
  version "0.24.0"
  resolved "https://registry.yarnpkg.com/protype/-/protype-0.24.0.tgz#e30a9862ac768b66b9d0be57be88a4066a1697f1"
  dependencies:
    babel-runtime "^6.23.0"
    cemento "^0.17.0"
    harden "^0.23.0"

raze@^0.33.0:
  version "0.33.0"
  resolved "https://registry.yarnpkg.com/raze/-/raze-0.33.0.tgz#fd399e9104499fbd1061340d92b6cc14dbf0b6d7"
  dependencies:
    babel-runtime "^6.23.0"

raze@^0.34.0:
  version "0.34.0"
  resolved "https://registry.yarnpkg.com/raze/-/raze-0.34.0.tgz#12200a3b84d46fdc81bd6ef3b38fdf3e9fff672b"
  dependencies:
    babel-runtime "^6.23.0"

regenerator-runtime@^0.10.0:
  version "0.10.5"
  resolved "https://registry.yarnpkg.com/regenerator-runtime/-/regenerator-runtime-0.10.5.tgz#336c3efc1220adcedda2c9fab67b5a7955a33658"

stringe@^0.4.0:
  version "0.4.0"
  resolved "https://registry.yarnpkg.com/stringe/-/stringe-0.4.0.tgz#15a7562633093f77b5e65903ddf89d6537e48c24"
  dependencies:
    babel-runtime "^6.23.0"

stringe@^0.5.0:
  version "0.5.0"
  resolved "https://registry.yarnpkg.com/stringe/-/stringe-0.5.0.tgz#7b2e25c7a652bb67dd2e573f203bb2a21d72e66d"
  dependencies:
    babel-runtime "^6.23.0"

stro@^0.4.0:
  version "0.4.0"
  resolved "https://registry.yarnpkg.com/stro/-/stro-0.4.0.tgz#6e667ea88625c5b4148f9ba7e969e3f699e51feb"
  dependencies:
    babel-runtime "^6.25.0"
    ehm "^0.21.0"
    harden "^0.23.0"

sxty4@^0.11.0:
  version "0.11.0"
  resolved "https://registry.yarnpkg.com/sxty4/-/sxty4-0.11.0.tgz#84eebb12c76c306a1a1813651c042442b9affa81"
  dependencies:
    babel-runtime "^6.25.0"
    bse "^0.0.0"
    falzy "^0.23.0"
    harden "^0.23.0"

truly@^0.19.0:
  version "0.19.0"
  resolved "https://registry.yarnpkg.com/truly/-/truly-0.19.0.tgz#776080d30870549d62dcf258588287f403aa814e"
  dependencies:
    babel-runtime "^6.23.0"

truly@^0.20.0:
  version "0.20.0"
  resolved "https://registry.yarnpkg.com/truly/-/truly-0.20.0.tgz#d751565112b9408b3ea007ea7919e900d2856992"
  dependencies:
    babel-runtime "^6.23.0"

wichevr@^0.13.0:
  version "0.13.0"
  resolved "https://registry.yarnpkg.com/wichevr/-/wichevr-0.13.0.tgz#fc3a87a3a9bffc4306d78cf20858d93243771c9f"
  dependencies:
    babel-runtime "^6.23.0"
    raze "^0.33.0"
    truly "^0.19.0"

wichevr@^0.14.0:
  version "0.14.0"
  resolved "https://registry.yarnpkg.com/wichevr/-/wichevr-0.14.0.tgz#2671043bdfb281292042640d8d9dea3948052e28"
  dependencies:
    babel-runtime "^6.23.0"
    raze "^0.34.0"
    truly "^0.20.0"

wrtble@^0.7.0:
  version "0.7.0"
  resolved "https://registry.yarnpkg.com/wrtble/-/wrtble-0.7.0.tgz#933cac6740bc159d074f5427fbe237af927aaa15"
  dependencies:
    asyum "^0.8.0"
    babel-runtime "^6.23.0"
    dscrb "^0.6.0"
    zelf "^0.12.0"

zelf@^0.12.0:
  version "0.12.0"
  resolved "https://registry.yarnpkg.com/zelf/-/zelf-0.12.0.tgz#39e7cfe074df5710fc156978d1f74c69342102cf"
  dependencies:
    asea "^0.14.0"
    babel-runtime "^6.23.0"

zelf@^0.14.0:
  version "0.14.0"
  resolved "https://registry.yarnpkg.com/zelf/-/zelf-0.14.0.tgz#e70aaf4f64d4b69958f557598ce7b16257e1b441"
  dependencies:
    asea "^0.16.0"
    babel-runtime "^6.23.0"
